// !$*UTF8*$!
{
	archiveVersion = 1;
	classes = {
	};
	objectVersion = 50;
	objects = {

/* Begin PBXBuildFile section */
		269B655A24111A530003AD84 /* TabBarProgramatically2.swift in Sources */ = {isa = PBXBuildFile; fileRef = 269B655924111A530003AD84 /* TabBarProgramatically2.swift */; };
		269B655C241134E00003AD84 /* TabBarProgrammatically.swift in Sources */ = {isa = PBXBuildFile; fileRef = 269B655B241134E00003AD84 /* TabBarProgrammatically.swift */; };
		26A0C93424194A94003DF561 /* EmojiViewController.swift in Sources */ = {isa = PBXBuildFile; fileRef = 26A0C93324194A94003DF561 /* EmojiViewController.swift */; };
		26A0C93624194E61003DF561 /* SizeClassesViewController.swift in Sources */ = {isa = PBXBuildFile; fileRef = 26A0C93524194E61003DF561 /* SizeClassesViewController.swift */; };
		26A697D424156144005E1392 /* RoundcornerAndShadowimage.swift in Sources */ = {isa = PBXBuildFile; fileRef = 26A697D324156144005E1392 /* RoundcornerAndShadowimage.swift */; };
		26A6981524156E4D005E1392 /* FirstPageController.swift in Sources */ = {isa = PBXBuildFile; fileRef = 26A6981424156E4D005E1392 /* FirstPageController.swift */; };
		26A6981724156E6E005E1392 /* SecondPageController.swift in Sources */ = {isa = PBXBuildFile; fileRef = 26A6981624156E6E005E1392 /* SecondPageController.swift */; };
		26A6981924156E84005E1392 /* ThirdPageController.swift in Sources */ = {isa = PBXBuildFile; fileRef = 26A6981824156E84005E1392 /* ThirdPageController.swift */; };
		26A6981B24156EA1005E1392 /* FourthPageController.swift in Sources */ = {isa = PBXBuildFile; fileRef = 26A6981A24156EA1005E1392 /* FourthPageController.swift */; };
		26A6981D24156EBA005E1392 /* FifthPageController.swift in Sources */ = {isa = PBXBuildFile; fileRef = 26A6981C24156EBA005E1392 /* FifthPageController.swift */; };
		26A6982024163904005E1392 /* InitialViewController.swift in Sources */ = {isa = PBXBuildFile; fileRef = 26A6981F24163904005E1392 /* InitialViewController.swift */; };
		26A6982324163EBA005E1392 /* TableCellContent.swift in Sources */ = {isa = PBXBuildFile; fileRef = 26A6982124163EBA005E1392 /* TableCellContent.swift */; };
		26A6982424163EBA005E1392 /* TableCellContent.xib in Resources */ = {isa = PBXBuildFile; fileRef = 26A6982224163EBA005E1392 /* TableCellContent.xib */; };
		26B143D4240C0D1F00E2FF45 /* AppDelegate.swift in Sources */ = {isa = PBXBuildFile; fileRef = 26B143D3240C0D1F00E2FF45 /* AppDelegate.swift */; };
		26B143D6240C0D1F00E2FF45 /* SceneDelegate.swift in Sources */ = {isa = PBXBuildFile; fileRef = 26B143D5240C0D1F00E2FF45 /* SceneDelegate.swift */; };
		26B143D8240C0D1F00E2FF45 /* ViewController.swift in Sources */ = {isa = PBXBuildFile; fileRef = 26B143D7240C0D1F00E2FF45 /* ViewController.swift */; };
		26B143DB240C0D1F00E2FF45 /* Main.storyboard in Resources */ = {isa = PBXBuildFile; fileRef = 26B143D9240C0D1F00E2FF45 /* Main.storyboard */; };
		26B143DD240C0D2200E2FF45 /* Assets.xcassets in Resources */ = {isa = PBXBuildFile; fileRef = 26B143DC240C0D2200E2FF45 /* Assets.xcassets */; };
		26B143E0240C0D2200E2FF45 /* LaunchScreen.storyboard in Resources */ = {isa = PBXBuildFile; fileRef = 26B143DE240C0D2200E2FF45 /* LaunchScreen.storyboard */; };
		26D87D6E240C38AE00735453 /* SignUpVC.swift in Sources */ = {isa = PBXBuildFile; fileRef = 26D87D6D240C38AE00735453 /* SignUpVC.swift */; };
		26D87D70240C38FE00735453 /* HomeVC.swift in Sources */ = {isa = PBXBuildFile; fileRef = 26D87D6F240C38FE00735453 /* HomeVC.swift */; };
		26D87D72240C392A00735453 /* SegmentControlVC.swift in Sources */ = {isa = PBXBuildFile; fileRef = 26D87D71240C392A00735453 /* SegmentControlVC.swift */; };
		26FB1FEA2418FCA50096EEEC /* CalculatorUI.swift in Sources */ = {isa = PBXBuildFile; fileRef = 26FB1FE92418FCA50096EEEC /* CalculatorUI.swift */; };
		26FB1FED2418FEC00096EEEC /* ImageViewAspectRatio.swift in Sources */ = {isa = PBXBuildFile; fileRef = 26FB1FEC2418FEC00096EEEC /* ImageViewAspectRatio.swift */; };
/* End PBXBuildFile section */

/* Begin PBXFileReference section */
		269B655924111A530003AD84 /* TabBarProgramatically2.swift */ = {isa = PBXFileReference; lastKnownFileType = sourcecode.swift; path = TabBarProgramatically2.swift; sourceTree = "<group>"; };
		269B655B241134E00003AD84 /* TabBarProgrammatically.swift */ = {isa = PBXFileReference; lastKnownFileType = sourcecode.swift; path = TabBarProgrammatically.swift; sourceTree = "<group>"; };
		26A0C93324194A94003DF561 /* EmojiViewController.swift */ = {isa = PBXFileReference; lastKnownFileType = sourcecode.swift; path = EmojiViewController.swift; sourceTree = "<group>"; };
		26A0C93524194E61003DF561 /* SizeClassesViewController.swift */ = {isa = PBXFileReference; lastKnownFileType = sourcecode.swift; path = SizeClassesViewController.swift; sourceTree = "<group>"; };
		26A697D324156144005E1392 /* RoundcornerAndShadowimage.swift */ = {isa = PBXFileReference; lastKnownFileType = sourcecode.swift; path = RoundcornerAndShadowimage.swift; sourceTree = "<group>"; };
		26A6981424156E4D005E1392 /* FirstPageController.swift */ = {isa = PBXFileReference; lastKnownFileType = sourcecode.swift; path = FirstPageController.swift; sourceTree = "<group>"; };
		26A6981624156E6E005E1392 /* SecondPageController.swift */ = {isa = PBXFileReference; lastKnownFileType = sourcecode.swift; path = SecondPageController.swift; sourceTree = "<group>"; };
		26A6981824156E84005E1392 /* ThirdPageController.swift */ = {isa = PBXFileReference; lastKnownFileType = sourcecode.swift; path = ThirdPageController.swift; sourceTree = "<group>"; };
		26A6981A24156EA1005E1392 /* FourthPageController.swift */ = {isa = PBXFileReference; lastKnownFileType = sourcecode.swift; path = FourthPageController.swift; sourceTree = "<group>"; };
		26A6981C24156EBA005E1392 /* FifthPageController.swift */ = {isa = PBXFileReference; lastKnownFileType = sourcecode.swift; path = FifthPageController.swift; sourceTree = "<group>"; };
		26A6981F24163904005E1392 /* InitialViewController.swift */ = {isa = PBXFileReference; lastKnownFileType = sourcecode.swift; path = InitialViewController.swift; sourceTree = "<group>"; };
		26A6982124163EBA005E1392 /* TableCellContent.swift */ = {isa = PBXFileReference; lastKnownFileType = sourcecode.swift; path = TableCellContent.swift; sourceTree = "<group>"; };
		26A6982224163EBA005E1392 /* TableCellContent.xib */ = {isa = PBXFileReference; lastKnownFileType = file.xib; path = TableCellContent.xib; sourceTree = "<group>"; };
		26B143D0240C0D1F00E2FF45 /* ProjectThree.app */ = {isa = PBXFileReference; explicitFileType = wrapper.application; includeInIndex = 0; path = ProjectThree.app; sourceTree = BUILT_PRODUCTS_DIR; };
		26B143D3240C0D1F00E2FF45 /* AppDelegate.swift */ = {isa = PBXFileReference; lastKnownFileType = sourcecode.swift; path = AppDelegate.swift; sourceTree = "<group>"; };
		26B143D5240C0D1F00E2FF45 /* SceneDelegate.swift */ = {isa = PBXFileReference; lastKnownFileType = sourcecode.swift; path = SceneDelegate.swift; sourceTree = "<group>"; };
		26B143D7240C0D1F00E2FF45 /* ViewController.swift */ = {isa = PBXFileReference; lastKnownFileType = sourcecode.swift; path = ViewController.swift; sourceTree = "<group>"; };
		26B143DA240C0D1F00E2FF45 /* Base */ = {isa = PBXFileReference; lastKnownFileType = file.storyboard; name = Base; path = Base.lproj/Main.storyboard; sourceTree = "<group>"; };
		26B143DC240C0D2200E2FF45 /* Assets.xcassets */ = {isa = PBXFileReference; lastKnownFileType = folder.assetcatalog; path = Assets.xcassets; sourceTree = "<group>"; };
		26B143DF240C0D2200E2FF45 /* Base */ = {isa = PBXFileReference; lastKnownFileType = file.storyboard; name = Base; path = Base.lproj/LaunchScreen.storyboard; sourceTree = "<group>"; };
		26B143E1240C0D2200E2FF45 /* Info.plist */ = {isa = PBXFileReference; lastKnownFileType = text.plist.xml; path = Info.plist; sourceTree = "<group>"; };
		26D87D6D240C38AE00735453 /* SignUpVC.swift */ = {isa = PBXFileReference; lastKnownFileType = sourcecode.swift; path = SignUpVC.swift; sourceTree = "<group>"; };
		26D87D6F240C38FE00735453 /* HomeVC.swift */ = {isa = PBXFileReference; lastKnownFileType = sourcecode.swift; path = HomeVC.swift; sourceTree = "<group>"; };
		26D87D71240C392A00735453 /* SegmentControlVC.swift */ = {isa = PBXFileReference; lastKnownFileType = sourcecode.swift; path = SegmentControlVC.swift; sourceTree = "<group>"; };
		26FB1FE92418FCA50096EEEC /* CalculatorUI.swift */ = {isa = PBXFileReference; lastKnownFileType = sourcecode.swift; path = CalculatorUI.swift; sourceTree = "<group>"; };
		26FB1FEC2418FEC00096EEEC /* ImageViewAspectRatio.swift */ = {isa = PBXFileReference; lastKnownFileType = sourcecode.swift; path = ImageViewAspectRatio.swift; sourceTree = "<group>"; };
/* End PBXFileReference section */

/* Begin PBXFrameworksBuildPhase section */
		26B143CD240C0D1F00E2FF45 /* Frameworks */ = {
			isa = PBXFrameworksBuildPhase;
			buildActionMask = 2147483647;
			files = (
			);
			runOnlyForDeploymentPostprocessing = 0;
		};
/* End PBXFrameworksBuildPhase section */

/* Begin PBXGroup section */
		269B6555241119200003AD84 /* UIElements */ = {
			isa = PBXGroup;
			children = (
				26D87D6D240C38AE00735453 /* SignUpVC.swift */,
				26D87D6F240C38FE00735453 /* HomeVC.swift */,
				26D87D71240C392A00735453 /* SegmentControlVC.swift */,
			);
			path = UIElements;
			sourceTree = "<group>";
		};
		269B6556241119B00003AD84 /* UIKitNestedController */ = {
			isa = PBXGroup;
			children = (
				269B655B241134E00003AD84 /* TabBarProgrammatically.swift */,
				269B655924111A530003AD84 /* TabBarProgramatically2.swift */,
				26A697D324156144005E1392 /* RoundcornerAndShadowimage.swift */,
				26A6981E24156EC1005E1392 /* Page Controller */,
			);
			path = UIKitNestedController;
			sourceTree = "<group>";
		};
		26A6981E24156EC1005E1392 /* Page Controller */ = {
			isa = PBXGroup;
			children = (
				26A6981424156E4D005E1392 /* FirstPageController.swift */,
				26A6981624156E6E005E1392 /* SecondPageController.swift */,
				26A6981824156E84005E1392 /* ThirdPageController.swift */,
				26A6981A24156EA1005E1392 /* FourthPageController.swift */,
				26A6981C24156EBA005E1392 /* FifthPageController.swift */,
			);
			path = "Page Controller";
			sourceTree = "<group>";
		};
		26B143C7240C0D1F00E2FF45 = {
			isa = PBXGroup;
			children = (
				26B143D2240C0D1F00E2FF45 /* ProjectThree */,
				26B143D1240C0D1F00E2FF45 /* Products */,
			);
			sourceTree = "<group>";
		};
		26B143D1240C0D1F00E2FF45 /* Products */ = {
			isa = PBXGroup;
			children = (
				26B143D0240C0D1F00E2FF45 /* ProjectThree.app */,
			);
			name = Products;
			sourceTree = "<group>";
		};
		26B143D2240C0D1F00E2FF45 /* ProjectThree */ = {
			isa = PBXGroup;
			children = (
				26B143D3240C0D1F00E2FF45 /* AppDelegate.swift */,
				26B143D5240C0D1F00E2FF45 /* SceneDelegate.swift */,
				26B143D7240C0D1F00E2FF45 /* ViewController.swift */,
				26A6981F24163904005E1392 /* InitialViewController.swift */,
				26A6982124163EBA005E1392 /* TableCellContent.swift */,
				26A6982224163EBA005E1392 /* TableCellContent.xib */,
				269B6555241119200003AD84 /* UIElements */,
				269B6556241119B00003AD84 /* UIKitNestedController */,
				26FB1FEB2418FCB10096EEEC /* SizeClassesAndAutoLayout */,
				26B143D9240C0D1F00E2FF45 /* Main.storyboard */,
				26B143DC240C0D2200E2FF45 /* Assets.xcassets */,
				26B143DE240C0D2200E2FF45 /* LaunchScreen.storyboard */,
				26B143E1240C0D2200E2FF45 /* Info.plist */,
			);
			path = ProjectThree;
			sourceTree = "<group>";
		};
		26FB1FEB2418FCB10096EEEC /* SizeClassesAndAutoLayout */ = {
			isa = PBXGroup;
			children = (
				26A0C93524194E61003DF561 /* SizeClassesViewController.swift */,
				26FB1FEC2418FEC00096EEEC /* ImageViewAspectRatio.swift */,
				26FB1FE92418FCA50096EEEC /* CalculatorUI.swift */,
				26A0C93324194A94003DF561 /* EmojiViewController.swift */,
			);
			path = SizeClassesAndAutoLayout;
			sourceTree = "<group>";
		};
/* End PBXGroup section */

/* Begin PBXNativeTarget section */
		26B143CF240C0D1F00E2FF45 /* ProjectThree */ = {
			isa = PBXNativeTarget;
			buildConfigurationList = 26B143E4240C0D2200E2FF45 /* Build configuration list for PBXNativeTarget "ProjectThree" */;
			buildPhases = (
				26B143CC240C0D1F00E2FF45 /* Sources */,
				26B143CD240C0D1F00E2FF45 /* Frameworks */,
				26B143CE240C0D1F00E2FF45 /* Resources */,
			);
			buildRules = (
			);
			dependencies = (
			);
			name = ProjectThree;
			productName = ProjectThree;
			productReference = 26B143D0240C0D1F00E2FF45 /* ProjectThree.app */;
			productType = "com.apple.product-type.application";
		};
/* End PBXNativeTarget section */

/* Begin PBXProject section */
		26B143C8240C0D1F00E2FF45 /* Project object */ = {
			isa = PBXProject;
			attributes = {
				LastSwiftUpdateCheck = 1130;
				LastUpgradeCheck = 1130;
				ORGANIZATIONNAME = "Anmol Chauhan";
				TargetAttributes = {
					26B143CF240C0D1F00E2FF45 = {
						CreatedOnToolsVersion = 11.3.1;
					};
				};
			};
			buildConfigurationList = 26B143CB240C0D1F00E2FF45 /* Build configuration list for PBXProject "ProjectThree" */;
			compatibilityVersion = "Xcode 9.3";
			developmentRegion = en;
			hasScannedForEncodings = 0;
			knownRegions = (
				en,
				Base,
			);
			mainGroup = 26B143C7240C0D1F00E2FF45;
			productRefGroup = 26B143D1240C0D1F00E2FF45 /* Products */;
			projectDirPath = "";
			projectRoot = "";
			targets = (
				26B143CF240C0D1F00E2FF45 /* ProjectThree */,
			);
		};
/* End PBXProject section */

/* Begin PBXResourcesBuildPhase section */
		26B143CE240C0D1F00E2FF45 /* Resources */ = {
			isa = PBXResourcesBuildPhase;
			buildActionMask = 2147483647;
			files = (
				26A6982424163EBA005E1392 /* TableCellContent.xib in Resources */,
				26B143E0240C0D2200E2FF45 /* LaunchScreen.storyboard in Resources */,
				26B143DD240C0D2200E2FF45 /* Assets.xcassets in Resources */,
				26B143DB240C0D1F00E2FF45 /* Main.storyboard in Resources */,
			);
			runOnlyForDeploymentPostprocessing = 0;
		};
/* End PBXResourcesBuildPhase section */

/* Begin PBXSourcesBuildPhase section */
		26B143CC240C0D1F00E2FF45 /* Sources */ = {
			isa = PBXSourcesBuildPhase;
			buildActionMask = 2147483647;
			files = (
				26A0C93424194A94003DF561 /* EmojiViewController.swift in Sources */,
				26A6982024163904005E1392 /* InitialViewController.swift in Sources */,
				26A6981924156E84005E1392 /* ThirdPageController.swift in Sources */,
				26FB1FED2418FEC00096EEEC /* ImageViewAspectRatio.swift in Sources */,
				26FB1FEA2418FCA50096EEEC /* CalculatorUI.swift in Sources */,
				26A6981724156E6E005E1392 /* SecondPageController.swift in Sources */,
				269B655A24111A530003AD84 /* TabBarProgramatically2.swift in Sources */,
				26A6982324163EBA005E1392 /* TableCellContent.swift in Sources */,
				26A6981524156E4D005E1392 /* FirstPageController.swift in Sources */,
				26D87D72240C392A00735453 /* SegmentControlVC.swift in Sources */,
				26A0C93624194E61003DF561 /* SizeClassesViewController.swift in Sources */,
				26D87D6E240C38AE00735453 /* SignUpVC.swift in Sources */,
				26A6981D24156EBA005E1392 /* FifthPageController.swift in Sources */,
				269B655C241134E00003AD84 /* TabBarProgrammatically.swift in Sources */,
				26A6981B24156EA1005E1392 /* FourthPageController.swift in Sources */,
				26D87D70240C38FE00735453 /* HomeVC.swift in Sources */,
				26B143D8240C0D1F00E2FF45 /* ViewController.swift in Sources */,
				26B143D4240C0D1F00E2FF45 /* AppDelegate.swift in Sources */,
				26A697D424156144005E1392 /* RoundcornerAndShadowimage.swift in Sources */,
				26B143D6240C0D1F00E2FF45 /* SceneDelegate.swift in Sources */,
			);
			runOnlyForDeploymentPostprocessing = 0;
		};
/* End PBXSourcesBuildPhase section */

/* Begin PBXVariantGroup section */
		26B143D9240C0D1F00E2FF45 /* Main.storyboard */ = {
			isa = PBXVariantGroup;
			children = (
				26B143DA240C0D1F00E2FF45 /* Base */,
			);
			name = Main.storyboard;
			sourceTree = "<group>";
		};
		26B143DE240C0D2200E2FF45 /* LaunchScreen.storyboard */ = {
			isa = PBXVariantGroup;
			children = (
				26B143DF240C0D2200E2FF45 /* Base */,
			);
			name = LaunchScreen.storyboard;
			sourceTree = "<group>";
		};
/* End PBXVariantGroup section */

/* Begin XCBuildConfiguration section */
		26B143E2240C0D2200E2FF45 /* Debug */ = {
			isa = XCBuildConfiguration;
			buildSettings = {
				ALWAYS_SEARCH_USER_PATHS = NO;
				CLANG_ANALYZER_NONNULL = YES;
				CLANG_ANALYZER_NUMBER_OBJECT_CONVERSION = YES_AGGRESSIVE;
				CLANG_CXX_LANGUAGE_STANDARD = "gnu++14";
				CLANG_CXX_LIBRARY = "libc++";
				CLANG_ENABLE_MODULES = YES;
				CLANG_ENABLE_OBJC_ARC = YES;
				CLANG_ENABLE_OBJC_WEAK = YES;
				CLANG_WARN_BLOCK_CAPTURE_AUTORELEASING = YES;
				CLANG_WARN_BOOL_CONVERSION = YES;
				CLANG_WARN_COMMA = YES;
				CLANG_WARN_CONSTANT_CONVERSION = YES;
				CLANG_WARN_DEPRECATED_OBJC_IMPLEMENTATIONS = YES;
				CLANG_WARN_DIRECT_OBJC_ISA_USAGE = YES_ERROR;
				CLANG_WARN_DOCUMENTATION_COMMENTS = YES;
				CLANG_WARN_EMPTY_BODY = YES;
				CLANG_WARN_ENUM_CONVERSION = YES;
				CLANG_WARN_INFINITE_RECURSION = YES;
				CLANG_WARN_INT_CONVERSION = YES;
				CLANG_WARN_NON_LITERAL_NULL_CONVERSION = YES;
				CLANG_WARN_OBJC_IMPLICIT_RETAIN_SELF = YES;
				CLANG_WARN_OBJC_LITERAL_CONVERSION = YES;
				CLANG_WARN_OBJC_ROOT_CLASS = YES_ERROR;
				CLANG_WARN_RANGE_LOOP_ANALYSIS = YES;
				CLANG_WARN_STRICT_PROTOTYPES = YES;
				CLANG_WARN_SUSPICIOUS_MOVE = YES;
				CLANG_WARN_UNGUARDED_AVAILABILITY = YES_AGGRESSIVE;
				CLANG_WARN_UNREACHABLE_CODE = YES;
				CLANG_WARN__DUPLICATE_METHOD_MATCH = YES;
				COPY_PHASE_STRIP = NO;
				DEBUG_INFORMATION_FORMAT = dwarf;
				ENABLE_STRICT_OBJC_MSGSEND = YES;
				ENABLE_TESTABILITY = YES;
				GCC_C_LANGUAGE_STANDARD = gnu11;
				GCC_DYNAMIC_NO_PIC = NO;
				GCC_NO_COMMON_BLOCKS = YES;
				GCC_OPTIMIZATION_LEVEL = 0;
				GCC_PREPROCESSOR_DEFINITIONS = (
					"DEBUG=1",
					"$(inherited)",
				);
				GCC_WARN_64_TO_32_BIT_CONVERSION = YES;
				GCC_WARN_ABOUT_RETURN_TYPE = YES_ERROR;
				GCC_WARN_UNDECLARED_SELECTOR = YES;
				GCC_WARN_UNINITIALIZED_AUTOS = YES_AGGRESSIVE;
				GCC_WARN_UNUSED_FUNCTION = YES;
				GCC_WARN_UNUSED_VARIABLE = YES;
				IPHONEOS_DEPLOYMENT_TARGET = 13.2;
				MTL_ENABLE_DEBUG_INFO = INCLUDE_SOURCE;
				MTL_FAST_MATH = YES;
				ONLY_ACTIVE_ARCH = YES;
				SDKROOT = iphoneos;
				SWIFT_ACTIVE_COMPILATION_CONDITIONS = DEBUG;
				SWIFT_OPTIMIZATION_LEVEL = "-Onone";
			};
			name = Debug;
		};
		26B143E3240C0D2200E2FF45 /* Release */ = {
			isa = XCBuildConfiguration;
			buildSettings = {
				ALWAYS_SEARCH_USER_PATHS = NO;
				CLANG_ANALYZER_NONNULL = YES;
				CLANG_ANALYZER_NUMBER_OBJECT_CONVERSION = YES_AGGRESSIVE;
				CLANG_CXX_LANGUAGE_STANDARD = "gnu++14";
				CLANG_CXX_LIBRARY = "libc++";
				CLANG_ENABLE_MODULES = YES;
				CLANG_ENABLE_OBJC_ARC = YES;
				CLANG_ENABLE_OBJC_WEAK = YES;
				CLANG_WARN_BLOCK_CAPTURE_AUTORELEASING = YES;
				CLANG_WARN_BOOL_CONVERSION = YES;
				CLANG_WARN_COMMA = YES;
				CLANG_WARN_CONSTANT_CONVERSION = YES;
				CLANG_WARN_DEPRECATED_OBJC_IMPLEMENTATIONS = YES;
				CLANG_WARN_DIRECT_OBJC_ISA_USAGE = YES_ERROR;
				CLANG_WARN_DOCUMENTATION_COMMENTS = YES;
				CLANG_WARN_EMPTY_BODY = YES;
				CLANG_WARN_ENUM_CONVERSION = YES;
				CLANG_WARN_INFINITE_RECURSION = YES;
				CLANG_WARN_INT_CONVERSION = YES;
				CLANG_WARN_NON_LITERAL_NULL_CONVERSION = YES;
				CLANG_WARN_OBJC_IMPLICIT_RETAIN_SELF = YES;
				CLANG_WARN_OBJC_LITERAL_CONVERSION = YES;
				CLANG_WARN_OBJC_ROOT_CLASS = YES_ERROR;
				CLANG_WARN_RANGE_LOOP_ANALYSIS = YES;
				CLANG_WARN_STRICT_PROTOTYPES = YES;
				CLANG_WARN_SUSPICIOUS_MOVE = YES;
				CLANG_WARN_UNGUARDED_AVAILABILITY = YES_AGGRESSIVE;
				CLANG_WARN_UNREACHABLE_CODE = YES;
				CLANG_WARN__DUPLICATE_METHOD_MATCH = YES;
				COPY_PHASE_STRIP = NO;
				DEBUG_INFORMATION_FORMAT = "dwarf-with-dsym";
				ENABLE_NS_ASSERTIONS = NO;
				ENABLE_STRICT_OBJC_MSGSEND = YES;
				GCC_C_LANGUAGE_STANDARD = gnu11;
				GCC_NO_COMMON_BLOCKS = YES;
				GCC_WARN_64_TO_32_BIT_CONVERSION = YES;
				GCC_WARN_ABOUT_RETURN_TYPE = YES_ERROR;
				GCC_WARN_UNDECLARED_SELECTOR = YES;
				GCC_WARN_UNINITIALIZED_AUTOS = YES_AGGRESSIVE;
				GCC_WARN_UNUSED_FUNCTION = YES;
				GCC_WARN_UNUSED_VARIABLE = YES;
				IPHONEOS_DEPLOYMENT_TARGET = 13.2;
				MTL_ENABLE_DEBUG_INFO = NO;
				MTL_FAST_MATH = YES;
				SDKROOT = iphoneos;
				SWIFT_COMPILATION_MODE = wholemodule;
				SWIFT_OPTIMIZATION_LEVEL = "-O";
				VALIDATE_PRODUCT = YES;
			};
			name = Release;
		};
		26B143E5240C0D2200E2FF45 /* Debug */ = {
			isa = XCBuildConfiguration;
			buildSettings = {
				ASSETCATALOG_COMPILER_APPICON_NAME = AppIcon;
				CODE_SIGN_STYLE = Manual;
				DEVELOPMENT_TEAM = "";
				INFOPLIST_FILE = ProjectThree/Info.plist;
				LD_RUNPATH_SEARCH_PATHS = (
					"$(inherited)",
					"@executable_path/Frameworks",
				);
				PRODUCT_BUNDLE_IDENTIFIER = ttn.com.ProjectThree;
				PRODUCT_NAME = "$(TARGET_NAME)";
				PROVISIONING_PROFILE_SPECIFIER = "";
				SWIFT_VERSION = 5.0;
				TARGETED_DEVICE_FAMILY = "1,2";
			};
			name = Debug;
		};
		26B143E6240C0D2200E2FF45 /* Release */ = {
			isa = XCBuildConfiguration;
			buildSettings = {
				ASSETCATALOG_COMPILER_APPICON_NAME = AppIcon;
				CODE_SIGN_STYLE = Manual;
				DEVELOPMENT_TEAM = "";
				INFOPLIST_FILE = ProjectThree/Info.plist;
				LD_RUNPATH_SEARCH_PATHS = (
					"$(inherited)",
					"@executable_path/Frameworks",
				);
				PRODUCT_BUNDLE_IDENTIFIER = ttn.com.ProjectThree;
				PRODUCT_NAME = "$(TARGET_NAME)";
				PROVISIONING_PROFILE_SPECIFIER = "";
				SWIFT_VERSION = 5.0;
				TARGETED_DEVICE_FAMILY = "1,2";
			};
			name = Release;
		};
/* End XCBuildConfiguration section */

/* Begin XCConfigurationList section */
		26B143CB240C0D1F00E2FF45 /* Build configuration list for PBXProject "ProjectThree" */ = {
			isa = XCConfigurationList;
			buildConfigurations = (
				26B143E2240C0D2200E2FF45 /* Debug */,
				26B143E3240C0D2200E2FF45 /* Release */,
			);
			defaultConfigurationIsVisible = 0;
			defaultConfigurationName = Release;
		};
		26B143E4240C0D2200E2FF45 /* Build configuration list for PBXNativeTarget "ProjectThree" */ = {
			isa = XCConfigurationList;
			buildConfigurations = (
				26B143E5240C0D2200E2FF45 /* Debug */,
				26B143E6240C0D2200E2FF45 /* Release */,
			);
			defaultConfigurationIsVisible = 0;
			defaultConfigurationName = Release;
		};
/* End XCConfigurationList section */
	};
	rootObject = 26B143C8240C0D1F00E2FF45 /* Project object */;
}
